// !$*UTF8*$!
{
	archiveVersion = 1;
	classes = {
	};
	objectVersion = 50;
	objects = {

/* Begin PBXBuildFile section */
		915F647F22BB88EC0096B8A1 /* main.m in Sources */ = {isa = PBXBuildFile; fileRef = 915F647E22BB88EC0096B8A1 /* main.m */; };
		915F648722BB894A0096B8A1 /* OpenGL.framework in Frameworks */ = {isa = PBXBuildFile; fileRef = 915F648622BB894A0096B8A1 /* OpenGL.framework */; };
		915F648922BB89560096B8A1 /* GLUT.framework in Frameworks */ = {isa = PBXBuildFile; fileRef = 915F648822BB89560096B8A1 /* GLUT.framework */; };
		915F648D22BB89820096B8A1 /* libGLEW.2.1.0.dylib in Frameworks */ = {isa = PBXBuildFile; fileRef = 915F648A22BB89820096B8A1 /* libGLEW.2.1.0.dylib */; };
		915F648E22BB89820096B8A1 /* libgltools.dylib in Frameworks */ = {isa = PBXBuildFile; fileRef = 915F648B22BB89820096B8A1 /* libgltools.dylib */; };
		915F648F22BB89820096B8A1 /* libglfw.3.2.dylib in Frameworks */ = {isa = PBXBuildFile; fileRef = 915F648C22BB89820096B8A1 /* libglfw.3.2.dylib */; };
/* End PBXBuildFile section */

/* Begin PBXCopyFilesBuildPhase section */
		915F647922BB88EC0096B8A1 /* CopyFiles */ = {
			isa = PBXCopyFilesBuildPhase;
			buildActionMask = 2147483647;
			dstPath = /usr/share/man/man1/;
			dstSubfolderSpec = 0;
			files = (
			);
			runOnlyForDeploymentPostprocessing = 1;
		};
/* End PBXCopyFilesBuildPhase section */

/* Begin PBXFileReference section */
		915F647B22BB88EC0096B8A1 /* OpenGLPlayground */ = {isa = PBXFileReference; explicitFileType = "compiled.mach-o.executable"; includeInIndex = 0; path = OpenGLPlayground; sourceTree = BUILT_PRODUCTS_DIR; };
		915F647E22BB88EC0096B8A1 /* main.m */ = {isa = PBXFileReference; lastKnownFileType = sourcecode.c.objc; path = main.m; sourceTree = "<group>"; };
		915F648622BB894A0096B8A1 /* OpenGL.framework */ = {isa = PBXFileReference; lastKnownFileType = wrapper.framework; name = OpenGL.framework; path = System/Library/Frameworks/OpenGL.framework; sourceTree = SDKROOT; };
		915F648822BB89560096B8A1 /* GLUT.framework */ = {isa = PBXFileReference; lastKnownFileType = wrapper.framework; name = GLUT.framework; path = System/Library/Frameworks/GLUT.framework; sourceTree = SDKROOT; };
		915F648A22BB89820096B8A1 /* libGLEW.2.1.0.dylib */ = {isa = PBXFileReference; lastKnownFileType = "compiled.mach-o.dylib"; name = libGLEW.2.1.0.dylib; path = ../../../../usr/local/Cellar/glew/2.1.0/lib/libGLEW.2.1.0.dylib; sourceTree = "<group>"; };
		915F648B22BB89820096B8A1 /* libgltools.dylib */ = {isa = PBXFileReference; lastKnownFileType = "compiled.mach-o.dylib"; name = libgltools.dylib; path = ../../../../usr/local/lib/libgltools.dylib; sourceTree = "<group>"; };
		915F648C22BB89820096B8A1 /* libglfw.3.2.dylib */ = {isa = PBXFileReference; lastKnownFileType = "compiled.mach-o.dylib"; name = libglfw.3.2.dylib; path = ../../../../usr/local/Cellar/glfw/3.2.1/lib/libglfw.3.2.dylib; sourceTree = "<group>"; };
/* End PBXFileReference section */

/* Begin PBXFrameworksBuildPhase section */
		915F647822BB88EC0096B8A1 /* Frameworks */ = {
			isa = PBXFrameworksBuildPhase;
			buildActionMask = 2147483647;
			files = (
				915F648D22BB89820096B8A1 /* libGLEW.2.1.0.dylib in Frameworks */,
				915F648E22BB89820096B8A1 /* libgltools.dylib in Frameworks */,
				915F648F22BB89820096B8A1 /* libglfw.3.2.dylib in Frameworks */,
				915F648922BB89560096B8A1 /* GLUT.framework in Frameworks */,
				915F648722BB894A0096B8A1 /* OpenGL.framework in Frameworks */,
			);
			runOnlyForDeploymentPostprocessing = 0;
		};
/* End PBXFrameworksBuildPhase section */

/* Begin PBXGroup section */
		915F647222BB88EC0096B8A1 = {
			isa = PBXGroup;
			children = (
				915F647D22BB88EC0096B8A1 /* OpenGLPlayground */,
				915F647C22BB88EC0096B8A1 /* Products */,
				915F648522BB89490096B8A1 /* Frameworks */,
			);
			sourceTree = "<group>";
		};
		915F647C22BB88EC0096B8A1 /* Products */ = {
			isa = PBXGroup;
			children = (
				915F647B22BB88EC0096B8A1 /* OpenGLPlayground */,
			);
			name = Products;
			sourceTree = "<group>";
		};
		915F647D22BB88EC0096B8A1 /* OpenGLPlayground */ = {
			isa = PBXGroup;
			children = (
				915F647E22BB88EC0096B8A1 /* main.m */,
			);
			path = OpenGLPlayground;
			sourceTree = "<group>";
		};
		915F648522BB89490096B8A1 /* Frameworks */ = {
			isa = PBXGroup;
			children = (
				915F648A22BB89820096B8A1 /* libGLEW.2.1.0.dylib */,
				915F648C22BB89820096B8A1 /* libglfw.3.2.dylib */,
				915F648B22BB89820096B8A1 /* libgltools.dylib */,
				915F648822BB89560096B8A1 /* GLUT.framework */,
				915F648622BB894A0096B8A1 /* OpenGL.framework */,
			);
			name = Frameworks;
			sourceTree = "<group>";
		};
/* End PBXGroup section */

/* Begin PBXNativeTarget section */
		915F647A22BB88EC0096B8A1 /* OpenGLPlayground */ = {
			isa = PBXNativeTarget;
			buildConfigurationList = 915F648222BB88EC0096B8A1 /* Build configuration list for PBXNativeTarget "OpenGLPlayground" */;
			buildPhases = (
				915F647722BB88EC0096B8A1 /* Sources */,
				915F647822BB88EC0096B8A1 /* Frameworks */,
				915F647922BB88EC0096B8A1 /* CopyFiles */,
			);
			buildRules = (
			);
			dependencies = (
			);
			name = OpenGLPlayground;
			productName = OpenGLPlayground;
			productReference = 915F647B22BB88EC0096B8A1 /* OpenGLPlayground */;
			productType = "com.apple.product-type.tool";
		};
/* End PBXNativeTarget section */

/* Begin PBXProject section */
		915F647322BB88EC0096B8A1 /* Project object */ = {
			isa = PBXProject;
			attributes = {
				LastUpgradeCheck = 1020;
				ORGANIZATIONNAME = "唐绍成";
				TargetAttributes = {
					915F647A22BB88EC0096B8A1 = {
						CreatedOnToolsVersion = 10.2.1;
					};
				};
			};
			buildConfigurationList = 915F647622BB88EC0096B8A1 /* Build configuration list for PBXProject "OpenGLPlayground" */;
			compatibilityVersion = "Xcode 9.3";
			developmentRegion = en;
			hasScannedForEncodings = 0;
			knownRegions = (
				en,
			);
			mainGroup = 915F647222BB88EC0096B8A1;
			productRefGroup = 915F647C22BB88EC0096B8A1 /* Products */;
			projectDirPath = "";
			projectRoot = "";
			targets = (
				915F647A22BB88EC0096B8A1 /* OpenGLPlayground */,
			);
		};
/* End PBXProject section */

/* Begin PBXSourcesBuildPhase section */
		915F647722BB88EC0096B8A1 /* Sources */ = {
			isa = PBXSourcesBuildPhase;
			buildActionMask = 2147483647;
			files = (
				915F647F22BB88EC0096B8A1 /* main.m in Sources */,
			);
			runOnlyForDeploymentPostprocessing = 0;
		};
/* End PBXSourcesBuildPhase section */

/* Begin XCBuildConfiguration section */
		915F648022BB88EC0096B8A1 /* Debug */ = {
			isa = XCBuildConfiguration;
			buildSettings = {
				ALWAYS_SEARCH_USER_PATHS = NO;
				CLANG_ANALYZER_NONNULL = YES;
				CLANG_ANALYZER_NUMBER_OBJECT_CONVERSION = YES_AGGRESSIVE;
				CLANG_CXX_LANGUAGE_STANDARD = "gnu++14";
				CLANG_CXX_LIBRARY = "libc++";
				CLANG_ENABLE_MODULES = YES;
				CLANG_ENABLE_OBJC_ARC = YES;
				CLANG_ENABLE_OBJC_WEAK = YES;
				CLANG_WARN_BLOCK_CAPTURE_AUTORELEASING = YES;
				CLANG_WARN_BOOL_CONVERSION = YES;
				CLANG_WARN_COMMA = YES;
				CLANG_WARN_CONSTANT_CONVERSION = YES;
				CLANG_WARN_DEPRECATED_OBJC_IMPLEMENTATIONS = YES;
				CLANG_WARN_DIRECT_OBJC_ISA_USAGE = YES_ERROR;
				CLANG_WARN_DOCUMENTATION_COMMENTS = YES;
				CLANG_WARN_EMPTY_BODY = YES;
				CLANG_WARN_ENUM_CONVERSION = YES;
				CLANG_WARN_INFINITE_RECURSION = YES;
				CLANG_WARN_INT_CONVERSION = YES;
				CLANG_WARN_NON_LITERAL_NULL_CONVERSION = YES;
				CLANG_WARN_OBJC_IMPLICIT_RETAIN_SELF = YES;
				CLANG_WARN_OBJC_LITERAL_CONVERSION = YES;
				CLANG_WARN_OBJC_ROOT_CLASS = YES_ERROR;
				CLANG_WARN_RANGE_LOOP_ANALYSIS = YES;
				CLANG_WARN_STRICT_PROTOTYPES = YES;
				CLANG_WARN_SUSPICIOUS_MOVE = YES;
				CLANG_WARN_UNGUARDED_AVAILABILITY = YES_AGGRESSIVE;
				CLANG_WARN_UNREACHABLE_CODE = YES;
				CLANG_WARN__DUPLICATE_METHOD_MATCH = YES;
				CODE_SIGN_IDENTITY = "Mac Developer";
				COPY_PHASE_STRIP = NO;
				DEBUG_INFORMATION_FORMAT = dwarf;
				ENABLE_STRICT_OBJC_MSGSEND = YES;
				ENABLE_TESTABILITY = YES;
				GCC_C_LANGUAGE_STANDARD = gnu11;
				GCC_DYNAMIC_NO_PIC = NO;
				GCC_NO_COMMON_BLOCKS = YES;
				GCC_OPTIMIZATION_LEVEL = 0;
				GCC_PREPROCESSOR_DEFINITIONS = (
					"DEBUG=1",
					"$(inherited)",
				);
				GCC_WARN_64_TO_32_BIT_CONVERSION = YES;
				GCC_WARN_ABOUT_RETURN_TYPE = YES_ERROR;
				GCC_WARN_UNDECLARED_SELECTOR = YES;
				GCC_WARN_UNINITIALIZED_AUTOS = YES_AGGRESSIVE;
				GCC_WARN_UNUSED_FUNCTION = YES;
				GCC_WARN_UNUSED_VARIABLE = YES;
				MACOSX_DEPLOYMENT_TARGET = 10.14;
				MTL_ENABLE_DEBUG_INFO = INCLUDE_SOURCE;
				MTL_FAST_MATH = YES;
				ONLY_ACTIVE_ARCH = YES;
				SDKROOT = macosx;
			};
			name = Debug;
		};
		915F648122BB88EC0096B8A1 /* Release */ = {
			isa = XCBuildConfiguration;
			buildSettings = {
				ALWAYS_SEARCH_USER_PATHS = NO;
				CLANG_ANALYZER_NONNULL = YES;
				CLANG_ANALYZER_NUMBER_OBJECT_CONVERSION = YES_AGGRESSIVE;
				CLANG_CXX_LANGUAGE_STANDARD = "gnu++14";
				CLANG_CXX_LIBRARY = "libc++";
				CLANG_ENABLE_MODULES = YES;
				CLANG_ENABLE_OBJC_ARC = YES;
				CLANG_ENABLE_OBJC_WEAK = YES;
				CLANG_WARN_BLOCK_CAPTURE_AUTORELEASING = YES;
				CLANG_WARN_BOOL_CONVERSION = YES;
				CLANG_WARN_COMMA = YES;
				CLANG_WARN_CONSTANT_CONVERSION = YES;
				CLANG_WARN_DEPRECATED_OBJC_IMPLEMENTATIONS = YES;
				CLANG_WARN_DIRECT_OBJC_ISA_USAGE = YES_ERROR;
				CLANG_WARN_DOCUMENTATION_COMMENTS = YES;
				CLANG_WARN_EMPTY_BODY = YES;
				CLANG_WARN_ENUM_CONVERSION = YES;
				CLANG_WARN_INFINITE_RECURSION = YES;
				CLANG_WARN_INT_CONVERSION = YES;
				CLANG_WARN_NON_LITERAL_NULL_CONVERSION = YES;
				CLANG_WARN_OBJC_IMPLICIT_RETAIN_SELF = YES;
				CLANG_WARN_OBJC_LITERAL_CONVERSION = YES;
				CLANG_WARN_OBJC_ROOT_CLASS = YES_ERROR;
				CLANG_WARN_RANGE_LOOP_ANALYSIS = YES;
				CLANG_WARN_STRICT_PROTOTYPES = YES;
				CLANG_WARN_SUSPICIOUS_MOVE = YES;
				CLANG_WARN_UNGUARDED_AVAILABILITY = YES_AGGRESSIVE;
				CLANG_WARN_UNREACHABLE_CODE = YES;
				CLANG_WARN__DUPLICATE_METHOD_MATCH = YES;
				CODE_SIGN_IDENTITY = "Mac Developer";
				COPY_PHASE_STRIP = NO;
				DEBUG_INFORMATION_FORMAT = "dwarf-with-dsym";
				ENABLE_NS_ASSERTIONS = NO;
				ENABLE_STRICT_OBJC_MSGSEND = YES;
				GCC_C_LANGUAGE_STANDARD = gnu11;
				GCC_NO_COMMON_BLOCKS = YES;
				GCC_WARN_64_TO_32_BIT_CONVERSION = YES;
				GCC_WARN_ABOUT_RETURN_TYPE = YES_ERROR;
				GCC_WARN_UNDECLARED_SELECTOR = YES;
				GCC_WARN_UNINITIALIZED_AUTOS = YES_AGGRESSIVE;
				GCC_WARN_UNUSED_FUNCTION = YES;
				GCC_WARN_UNUSED_VARIABLE = YES;
				MACOSX_DEPLOYMENT_TARGET = 10.14;
				MTL_ENABLE_DEBUG_INFO = NO;
				MTL_FAST_MATH = YES;
				SDKROOT = macosx;
			};
			name = Release;
		};
		915F648322BB88EC0096B8A1 /* Debug */ = {
			isa = XCBuildConfiguration;
			buildSettings = {
				CODE_SIGN_STYLE = Automatic;
				DEVELOPMENT_TEAM = 328KUR279N;
				HEADER_SEARCH_PATHS = (
					"$(gltool_header)",
					"$(glfw_header)",
					"$(glew_header)",
				);
				LIBRARY_SEARCH_PATHS = (
					"$(gltool_lib)",
					"$(glfw_lib)",
					"$(glew_lib)",
					/usr/local/Cellar/glew/2.1.0/lib,
					/usr/local/Cellar/glfw/3.2.1/lib,
				);
				PRODUCT_NAME = "$(TARGET_NAME)";
			};
			name = Debug;
		};
		915F648422BB88EC0096B8A1 /* Release */ = {
			isa = XCBuildConfiguration;
			buildSettings = {
				CODE_SIGN_STYLE = Automatic;
				DEVELOPMENT_TEAM = 328KUR279N;
				HEADER_SEARCH_PATHS = (
					"$(gltool_header)",
					"$(glfw_header)",
					"$(glew_header)",
				);
				LIBRARY_SEARCH_PATHS = (
					"$(gltool_lib)",
					"$(glfw_lib)",
					"$(glew_lib)",
					/usr/local/Cellar/glew/2.1.0/lib,
					/usr/local/Cellar/glfw/3.2.1/lib,
				);
				PRODUCT_NAME = "$(TARGET_NAME)";
			};
			name = Release;
		};
/* End XCBuildConfiguration section */

/* Begin XCConfigurationList section */
		915F647622BB88EC0096B8A1 /* Build configuration list for PBXProject "OpenGLPlayground" */ = {
			isa = XCConfigurationList;
			buildConfigurations = (
				915F648022BB88EC0096B8A1 /* Debug */,
				915F648122BB88EC0096B8A1 /* Release */,
			);
			defaultConfigurationIsVisible = 0;
			defaultConfigurationName = Release;
		};
		915F648222BB88EC0096B8A1 /* Build configuration list for PBXNativeTarget "OpenGLPlayground" */ = {
			isa = XCConfigurationList;
			buildConfigurations = (
				915F648322BB88EC0096B8A1 /* Debug */,
				915F648422BB88EC0096B8A1 /* Release */,
			);
			defaultConfigurationIsVisible = 0;
			defaultConfigurationName = Release;
		};
/* End XCConfigurationList section */
	};
	rootObject = 915F647322BB88EC0096B8A1 /* Project object */;
}
